<?xml version="1.0" encoding="utf-8"?>
<Project ToolsVersion="4.0" xmlns="http://schemas.microsoft.com/developer/msbuild/2003">
  <ItemGroup>
    <ClCompile Include="Render\Camera.cpp">
      <Filter>Render</Filter>
    </ClCompile>
    <ClCompile Include="Render\Render.cpp">
      <Filter>Render</Filter>
    </ClCompile>
    <ClCompile Include="RenderUtils.cpp" />
    <ClCompile Include="main.cpp" />
    <ClCompile Include="callbacks.cpp" />
    <ClCompile Include="Vector3D.cpp" />
    <ClCompile Include="Particle.cpp">
      <Filter>Particle</Filter>
    </ClCompile>
    <ClCompile Include="UniformDistribution.cpp">
      <Filter>Distribution</Filter>
    </ClCompile>
    <ClCompile Include="Distribution.cpp" />
    <ClCompile Include="ParticleGenerator.cpp">
      <Filter>ParticleSystem</Filter>
    </ClCompile>
    <ClCompile Include="ParticleSystem.cpp">
      <Filter>ParticleSystem</Filter>
    </ClCompile>
    <ClCompile Include="NormalDistribution.cpp">
      <Filter>Distribution</Filter>
    </ClCompile>
    <ClCompile Include="Gravity.cpp">
      <Filter>Force</Filter>
    </ClCompile>
    <ClCompile Include="Wind.cpp">
      <Filter>Force</Filter>
    </ClCompile>
    <ClCompile Include="Torbellin.cpp">
      <Filter>Particle</Filter>
    </ClCompile>
    <ClCompile Include="ForceGenerator.cpp" />
  </ItemGroup>
  <ItemGroup>
    <ClInclude Include="core.hpp" />
    <ClInclude Include="Render\Camera.h">
      <Filter>Render</Filter>
    </ClInclude>
    <ClInclude Include="Render\Render.h">
      <Filter>Render</Filter>
    </ClInclude>
    <ClInclude Include="RenderUtils.hpp" />
    <ClInclude Include="callbacks.hpp" />
    <ClInclude Include="Vector3D.h" />
    <ClInclude Include="const.h" />
    <ClInclude Include="Distribution.h">
      <Filter>Distribution</Filter>
    </ClInclude>
    <ClInclude Include="Particle.h">
      <Filter>Particle</Filter>
    </ClInclude>
    <ClInclude Include="UniformDistribution.h">
      <Filter>Distribution</Filter>
    </ClInclude>
    <ClInclude Include="ParticleGenerator.h">
      <Filter>ParticleSystem</Filter>
    </ClInclude>
    <ClInclude Include="ParticleSystem.h">
      <Filter>ParticleSystem</Filter>
    </ClInclude>
    <ClInclude Include="NormalDistribution.h">
      <Filter>Distribution</Filter>
    </ClInclude>
    <ClInclude Include="ForceGenerator.h">
      <Filter>Force</Filter>
    </ClInclude>
    <ClInclude Include="Gravity.h">
      <Filter>Force</Filter>
    </ClInclude>
    <ClInclude Include="Wind.h">
      <Filter>Force</Filter>
    </ClInclude>
    <ClInclude Include="Torbellin.h">
      <Filter>Particle</Filter>
    </ClInclude>
  </ItemGroup>
  <ItemGroup>
    <Filter Include="Render">
      <UniqueIdentifier>{d04b4f9f-5a69-465e-8070-25c6d0bcd3c2}</UniqueIdentifier>
    </Filter>
    <Filter Include="Distribution">
      <UniqueIdentifier>{b808a5e1-ceec-4532-9372-d2c82d492f0b}</UniqueIdentifier>
    </Filter>
    <Filter Include="Particle">
      <UniqueIdentifier>{cfe5c57c-095c-4783-be23-7b970eb0ed95}</UniqueIdentifier>
    </Filter>
    <Filter Include="ParticleSystem">
      <UniqueIdentifier>{550d2865-f072-4c89-ac8f-f7d7e6946442}</UniqueIdentifier>
    </Filter>
    <Filter Include="Force">
      <UniqueIdentifier>{99d5d632-6842-450c-afc6-1b3d775c8259}</UniqueIdentifier>
    </Filter>
  </ItemGroup>
</Project>